
Microsoft Visual Studio Solution File, Format Version 12.00
# Visual Studio Version 16
VisualStudioVersion = 16.0.30204.135
MinimumVisualStudioVersion = 10.0.40219.1
Project("{FAE04EC0-301F-11D3-BF4B-00C04F79EFBC}") = "HelloApp", "HelloApp\HelloApp.csproj", "{F10FF064-A7E7-4705-ADBC-3C78CCECBAF1}"
EndProject
Global
	GlobalSection(SolutionConfigurationPlatforms) = preSolution
		Debug|Any CPU = Debug|Any CPU
		Release|Any CPU = Release|Any CPU
	EndGlobalSection
	GlobalSection(ProjectConfigurationPlatforms) = postSolution
		{F10FF064-A7E7-4705-ADBC-3C78CCECBAF1}.Debug|Any CPU.ActiveCfg = Debug|Any CPU
		{F10FF064-A7E7-4705-ADBC-3C78CCECBAF1}.Debug|Any CPU.Build.0 = Debug|Any CPU
		{F10FF064-A7E7-4705-ADBC-3C78CCECBAF1}.Release|Any CPU.ActiveCfg = Release|Any CPU
		{F10FF064-A7E7-4705-ADBC-3C78CCECBAF1}.Release|Any CPU.Build.0 = Release|Any CPU
	EndGlobalSection
	GlobalSection(SolutionProperties) = preSolution
		HideSolutionNode = FALSE
	EndGlobalSection
	GlobalSection(ExtensibilityGlobals) = postSolution
		SolutionGuid = {A1CC3B8A-D3EC-4E28-8E58-370BBD4B1392}
	EndGlobalSection
EndGlobal
